
Microsoft Visual Studio Solution File, Format Version 12.00
Project("{FAE04EC0-301F-11D3-BF4B-00C04F79EFBC}") = "MyOrganizer", "MyOrganizer\MyOrganizer\MyOrganizer.csproj", "{9E897B21-1132-4180-9498-4E96DF36585D}"
EndProject
Project("{FAE04EC0-301F-11D3-BF4B-00C04F79EFBC}") = "MyOrganizer.Android", "MyOrganizer\MyOrganizer.Android\MyOrganizer.Android.csproj", "{72BFFEF8-9AF7-49DE-8058-FA34B481FAD1}"
EndProject
Project("{FAE04EC0-301F-11D3-BF4B-00C04F79EFBC}") = "MyOrganizer.Desktop", "MyOrganizer\MyOrganizer.Desktop\MyOrganizer.Desktop.csproj", "{648E4D8F-B37D-49BA-96E9-BFD7E236F318}"
EndProject
Project("{FAE04EC0-301F-11D3-BF4B-00C04F79EFBC}") = "MyOrganizer.iOS", "MyOrganizer\MyOrganizer.iOS\MyOrganizer.iOS.csproj", "{98633535-0B40-4350-B3B0-7B501F09BFDE}"
EndProject
Project("{FAE04EC0-301F-11D3-BF4B-00C04F79EFBC}") = "MyOrganizer.Browser", "MyOrganizer\MyOrganizer.Browser\MyOrganizer.Browser.csproj", "{13DFDD1A-4924-41B5-9DAF-904B9710462D}"
EndProject
Project("{FAE04EC0-301F-11D3-BF4B-00C04F79EFBC}") = "MyOrganizer.Storage", "MyOrganizer.Storage\MyOrganizer.Storage.csproj", "{C27FD0FE-DB58-4DA1-B5BA-208B89C7C811}"
EndProject
Project("{FAE04EC0-301F-11D3-BF4B-00C04F79EFBC}") = "MyOrganizer.Storage.Ui", "MyOrganizer.Storage.Ui\MyOrganizer.Storage.Ui.csproj", "{FE2EAC70-93C1-444B-A4AF-F74D113C841A}"
EndProject
Project("{FAE04EC0-301F-11D3-BF4B-00C04F79EFBC}") = "MyOrganizer.Notes", "MyOrganizer.Notes\MyOrganizer.Notes.csproj", "{9C3FCE7E-6984-49BE-B015-AF73F133D858}"
EndProject
Project("{FAE04EC0-301F-11D3-BF4B-00C04F79EFBC}") = "MyOrganizer.Notes.Ui", "MyOrganizer.Notes.Ui\MyOrganizer.Notes.Ui.csproj", "{9DAE5B50-D7E6-4BBC-968A-DD414DBE831F}"
EndProject
Project("{FAE04EC0-301F-11D3-BF4B-00C04F79EFBC}") = "MyOrganizer.Passwords", "MyOrganizer.Passwords\MyOrganizer.Passwords.csproj", "{41125B38-CD66-47E5-A9AB-6291D956053C}"
EndProject
Project("{FAE04EC0-301F-11D3-BF4B-00C04F79EFBC}") = "MyOrganizer.Passwords.Ui", "MyOrganizer.Passwords.Ui\MyOrganizer.Passwords.Ui.csproj", "{170D0CFF-9F0E-458F-9F4F-4BFC00FFBFA3}"
EndProject
Project("{FAE04EC0-301F-11D3-BF4B-00C04F79EFBC}") = "MyOrganizer.Common", "MyOrganizer.Common\MyOrganizer.Common.csproj", "{AB6DA623-8AD4-4628-9CFF-E613D1A2C865}"
EndProject
Global
	GlobalSection(SolutionConfigurationPlatforms) = preSolution
		Debug|Any CPU = Debug|Any CPU
		Release|Any CPU = Release|Any CPU
	EndGlobalSection
	GlobalSection(ProjectConfigurationPlatforms) = postSolution
		{9E897B21-1132-4180-9498-4E96DF36585D}.Debug|Any CPU.ActiveCfg = Debug|Any CPU
		{9E897B21-1132-4180-9498-4E96DF36585D}.Debug|Any CPU.Build.0 = Debug|Any CPU
		{9E897B21-1132-4180-9498-4E96DF36585D}.Release|Any CPU.ActiveCfg = Release|Any CPU
		{9E897B21-1132-4180-9498-4E96DF36585D}.Release|Any CPU.Build.0 = Release|Any CPU
		{72BFFEF8-9AF7-49DE-8058-FA34B481FAD1}.Debug|Any CPU.ActiveCfg = Debug|Any CPU
		{72BFFEF8-9AF7-49DE-8058-FA34B481FAD1}.Debug|Any CPU.Build.0 = Debug|Any CPU
		{72BFFEF8-9AF7-49DE-8058-FA34B481FAD1}.Debug|Any CPU.Deploy.0 = Debug|Any CPU
		{72BFFEF8-9AF7-49DE-8058-FA34B481FAD1}.Release|Any CPU.ActiveCfg = Release|Any CPU
		{72BFFEF8-9AF7-49DE-8058-FA34B481FAD1}.Release|Any CPU.Build.0 = Release|Any CPU
		{72BFFEF8-9AF7-49DE-8058-FA34B481FAD1}.Release|Any CPU.Deploy.0 = Release|Any CPU
		{648E4D8F-B37D-49BA-96E9-BFD7E236F318}.Debug|Any CPU.ActiveCfg = Debug|Any CPU
		{648E4D8F-B37D-49BA-96E9-BFD7E236F318}.Debug|Any CPU.Build.0 = Debug|Any CPU
		{648E4D8F-B37D-49BA-96E9-BFD7E236F318}.Release|Any CPU.ActiveCfg = Release|Any CPU
		{648E4D8F-B37D-49BA-96E9-BFD7E236F318}.Release|Any CPU.Build.0 = Release|Any CPU
		{98633535-0B40-4350-B3B0-7B501F09BFDE}.Debug|Any CPU.ActiveCfg = Debug|Any CPU
		{98633535-0B40-4350-B3B0-7B501F09BFDE}.Debug|Any CPU.Build.0 = Debug|Any CPU
		{98633535-0B40-4350-B3B0-7B501F09BFDE}.Debug|Any CPU.Deploy.0 = Debug|Any CPU
		{98633535-0B40-4350-B3B0-7B501F09BFDE}.Release|Any CPU.ActiveCfg = Release|Any CPU
		{98633535-0B40-4350-B3B0-7B501F09BFDE}.Release|Any CPU.Build.0 = Release|Any CPU
		{98633535-0B40-4350-B3B0-7B501F09BFDE}.Release|Any CPU.Deploy.0 = Release|Any CPU
		{13DFDD1A-4924-41B5-9DAF-904B9710462D}.Debug|Any CPU.ActiveCfg = Debug|Any CPU
		{13DFDD1A-4924-41B5-9DAF-904B9710462D}.Debug|Any CPU.Build.0 = Debug|Any CPU
		{13DFDD1A-4924-41B5-9DAF-904B9710462D}.Release|Any CPU.ActiveCfg = Release|Any CPU
		{13DFDD1A-4924-41B5-9DAF-904B9710462D}.Release|Any CPU.Build.0 = Release|Any CPU
		{C27FD0FE-DB58-4DA1-B5BA-208B89C7C811}.Debug|Any CPU.ActiveCfg = Debug|Any CPU
		{C27FD0FE-DB58-4DA1-B5BA-208B89C7C811}.Debug|Any CPU.Build.0 = Debug|Any CPU
		{C27FD0FE-DB58-4DA1-B5BA-208B89C7C811}.Release|Any CPU.ActiveCfg = Release|Any CPU
		{C27FD0FE-DB58-4DA1-B5BA-208B89C7C811}.Release|Any CPU.Build.0 = Release|Any CPU
		{FE2EAC70-93C1-444B-A4AF-F74D113C841A}.Debug|Any CPU.ActiveCfg = Debug|Any CPU
		{FE2EAC70-93C1-444B-A4AF-F74D113C841A}.Debug|Any CPU.Build.0 = Debug|Any CPU
		{FE2EAC70-93C1-444B-A4AF-F74D113C841A}.Release|Any CPU.ActiveCfg = Release|Any CPU
		{FE2EAC70-93C1-444B-A4AF-F74D113C841A}.Release|Any CPU.Build.0 = Release|Any CPU
		{9C3FCE7E-6984-49BE-B015-AF73F133D858}.Debug|Any CPU.ActiveCfg = Debug|Any CPU
		{9C3FCE7E-6984-49BE-B015-AF73F133D858}.Debug|Any CPU.Build.0 = Debug|Any CPU
		{9C3FCE7E-6984-49BE-B015-AF73F133D858}.Release|Any CPU.ActiveCfg = Release|Any CPU
		{9C3FCE7E-6984-49BE-B015-AF73F133D858}.Release|Any CPU.Build.0 = Release|Any CPU
		{9DAE5B50-D7E6-4BBC-968A-DD414DBE831F}.Debug|Any CPU.ActiveCfg = Debug|Any CPU
		{9DAE5B50-D7E6-4BBC-968A-DD414DBE831F}.Debug|Any CPU.Build.0 = Debug|Any CPU
		{9DAE5B50-D7E6-4BBC-968A-DD414DBE831F}.Release|Any CPU.ActiveCfg = Release|Any CPU
		{9DAE5B50-D7E6-4BBC-968A-DD414DBE831F}.Release|Any CPU.Build.0 = Release|Any CPU
		{41125B38-CD66-47E5-A9AB-6291D956053C}.Debug|Any CPU.ActiveCfg = Debug|Any CPU
		{41125B38-CD66-47E5-A9AB-6291D956053C}.Debug|Any CPU.Build.0 = Debug|Any CPU
		{41125B38-CD66-47E5-A9AB-6291D956053C}.Release|Any CPU.ActiveCfg = Release|Any CPU
		{41125B38-CD66-47E5-A9AB-6291D956053C}.Release|Any CPU.Build.0 = Release|Any CPU
		{170D0CFF-9F0E-458F-9F4F-4BFC00FFBFA3}.Debug|Any CPU.ActiveCfg = Debug|Any CPU
		{170D0CFF-9F0E-458F-9F4F-4BFC00FFBFA3}.Debug|Any CPU.Build.0 = Debug|Any CPU
		{170D0CFF-9F0E-458F-9F4F-4BFC00FFBFA3}.Release|Any CPU.ActiveCfg = Release|Any CPU
		{170D0CFF-9F0E-458F-9F4F-4BFC00FFBFA3}.Release|Any CPU.Build.0 = Release|Any CPU
		{AB6DA623-8AD4-4628-9CFF-E613D1A2C865}.Debug|Any CPU.ActiveCfg = Debug|Any CPU
		{AB6DA623-8AD4-4628-9CFF-E613D1A2C865}.Debug|Any CPU.Build.0 = Debug|Any CPU
		{AB6DA623-8AD4-4628-9CFF-E613D1A2C865}.Release|Any CPU.ActiveCfg = Release|Any CPU
		{AB6DA623-8AD4-4628-9CFF-E613D1A2C865}.Release|Any CPU.Build.0 = Release|Any CPU
	EndGlobalSection
EndGlobal
